{
  "- 73.68% documented\n### Added": [
    {
      "file": "CHANGELOG.md",
      "lines": [
        97,
        120,
        139
      ]
    }
  ],
  "eval_gemfile \"modular/x_std_libs.gemfile\"\nremove_gem \"appraisal\" # only present because it must be in the gemfile because we target a git branch": [
    {
      "file": "Appraisals",
      "lines": [
        56,
        61,
        140,
        146
      ]
    }
  ]
}
