{
  "Rakefile:67541659": [
    [251, 3, 16, "Rake/DuplicateTask: Task `test` is defined at both Rakefile:244 and Rakefile:251.", 850263259],
    [254, 3, 16, "Rake/DuplicateTask: Task `spec` is defined at both Rakefile:230 and Rakefile:254.", 2494909563]
  ],
  "activesupport-broadcast_logger.gemspec:2624270032": [
    [19, 32, 10, "Gemspec/RequiredRubyVersion: `required_ruby_version` and `TargetRubyVersion` (2.7, which may be specified in .rubocop.yml) should be equal.", 4072465588]
  ],
  "gemfiles/modular/templating.gemfile:155879869": [
    [15, 3, 47, "Bundler/DuplicatedGem: Gem `tree_sitter_language_pack` requirements already given on line 11 of the Gemfile.", 3843603197]
  ],
  "spec/activesupport/broadcast_logger_spec.rb:3856026202": [
    [3, 1, 45, "RSpec/SpecFilePathFormat: Spec path should end with `active_support/broadcast_logger*_spec.rb`.", 3293372633],
    [4, 3, 1568, "Lint/ConstantDefinitionInBlock: Do not define constants this way within a block.", 110657397],
    [4, 3, 1568, "RSpec/LeakyConstantDeclaration: Stub class constant instead of declaring explicitly.", 110657397],
    [92, 3, 235, "Lint/ConstantDefinitionInBlock: Do not define constants this way within a block.", 3770128148],
    [92, 3, 235, "RSpec/LeakyConstantDeclaration: Stub class constant instead of declaring explicitly.", 3770128148],
    [100, 3, 436, "Lint/ConstantDefinitionInBlock: Do not define constants this way within a block.", 2076209815],
    [100, 3, 436, "RSpec/LeakyConstantDeclaration: Stub class constant instead of declaring explicitly.", 2076209815],
    [121, 5, 28, "RSpec/LeakyLocalVariable: Do not use local variables defined outside of examples inside of them.", 2775684833],
    [122, 5, 46, "RSpec/LeakyLocalVariable: Do not use local variables defined outside of examples inside of them.", 3648653284],
    [132, 3, 153, "RSpec/NoExpectationExample: No expectation found in this example.", 1879174737],
    [216, 45, 32, "RSpec/ExpectChange: Prefer `change(my_logger, :info_called)`.", 4228649382],
    [365, 3, 159, "RSpec/NoExpectationExample: No expectation found in this example.", 696611764],
    [377, 3, 180, "RSpec/NoExpectationExample: No expectation found in this example.", 3095623219],
    [407, 3, 187, "RSpec/NoExpectationExample: No expectation found in this example.", 46860992],
    [417, 3, 130, "RSpec/NoExpectationExample: No expectation found in this example.", 358517765],
    [423, 3, 139, "RSpec/NoExpectationExample: No expectation found in this example.", 4076486009],
    [447, 5, 28, "RSpec/LeakyLocalVariable: Do not use local variables defined outside of examples inside of them.", 2775684833],
    [448, 5, 46, "RSpec/LeakyLocalVariable: Do not use local variables defined outside of examples inside of them.", 3648653284]
  ]
}
